// !$*UTF8*$!
{
	archiveVersion = 1;
	classes = {
	};
	objectVersion = 48;
	objects = {

/* Begin PBXBuildFile section */
		504EC3081FED79650016851F /* AppDelegate.swift in Sources */ = {isa = PBXBuildFile; fileRef = 504EC3071FED79650016851F /* AppDelegate.swift */; };
		504EC30F1FED79650016851F /* Assets.xcassets in Resources */ = {isa = PBXBuildFile; fileRef = 504EC30E1FED79650016851F /* Assets.xcassets */; };
		504EC3121FED79650016851F /* LaunchScreen.storyboard in Resources */ = {isa = PBXBuildFile; fileRef = 504EC3101FED79650016851F /* LaunchScreen.storyboard */; };
		0A0B21D5ABA1ED3191C9ECF1 /* CockpitController.swift in Sources */ = {isa = PBXBuildFile; fileRef = 9A49254C69CD3A70A2E7D0F9 /* CockpitController.swift */; };
		F00BD81A580487FD8AB3ECB8 /* ControllerState.swift in Sources */ = {isa = PBXBuildFile; fileRef = EC9419B2C60F31796D5FC1A8 /* ControllerState.swift */; };
		F1D2E3A4B5C67890D1E2F3B4 /* PacketFormat.swift in Sources */ = {isa = PBXBuildFile; fileRef = F1D2E3A4B5C67890D1E2F3B5 /* PacketFormat.swift */; };
		F1D2E3A4B5C67890D1E2F3B6 /* ShapingKeys.swift in Sources */ = {isa = PBXBuildFile; fileRef = F1D2E3A4B5C67890D1E2F3B7 /* ShapingKeys.swift */; };
		F1D2E3A4B5C67890D1E2F3B8 /* GameProfile.swift in Sources */ = {isa = PBXBuildFile; fileRef = F1D2E3A4B5C67890D1E2F3B9 /* GameProfile.swift */; };
		F1D2E3A4B5C67890D1E2F3B2 /* AxisMap.swift in Sources */ = {isa = PBXBuildFile; fileRef = F1D2E3A4B5C67890D1E2F3B3 /* AxisMap.swift */; };
		F1D2E3A4B5C67890D1E2F3B0 /* CockpitMode.swift in Sources */ = {isa = PBXBuildFile; fileRef = F1D2E3A4B5C67890D1E2F3B1 /* CockpitMode.swift */; };
		F1D2E3A4B5C67890D1E2F3AE /* AxisCurve.swift in Sources */ = {isa = PBXBuildFile; fileRef = F1D2E3A4B5C67890D1E2F3AF /* AxisCurve.swift */; };
		8C5FE72E22128E4D7F99919F /* NetClient.swift in Sources */ = {isa = PBXBuildFile; fileRef = BFB070AC1289461E3EB9EB14 /* NetClient.swift */; };
		92AEFC899861917590E91DE1 /* Packet.swift in Sources */ = {isa = PBXBuildFile; fileRef = 752F835687AB475EBE47FB17 /* Packet.swift */; };
		D02F22B00AB4DBE45A58E98B /* PalmDeckApp.swift in Sources */ = {isa = PBXBuildFile; fileRef = D037F9DC1440439B3CEC687C /* PalmDeckApp.swift */; };
		8C64A513AC615D5363FD07F8 /* CockpitView.swift in Sources */ = {isa = PBXBuildFile; fileRef = 2ADE12BFD530D6FFF3701839 /* CockpitView.swift */; };
		0A2D9D2BFC4984B79BC5AFD7 /* Controls.swift in Sources */ = {isa = PBXBuildFile; fileRef = C2B2E1BA4D6A8927AE448464 /* Controls.swift */; };
		F1D2E3A4B5C67890D1E2F3AA /* SettingsView.swift in Sources */ = {isa = PBXBuildFile; fileRef = F1D2E3A4B5C67890D1E2F3AB /* SettingsView.swift */; };
		A0582E022106727531889FD6 /* PreflightView.swift in Sources */ = {isa = PBXBuildFile; fileRef = 77E5B86802679AC075FC6975 /* PreflightView.swift */; };
		ABBB06836B4A7638FCB1CA2F /* SteeringWheel.swift in Sources */ = {isa = PBXBuildFile; fileRef = E7A7E91000A2997A8B4B0D33 /* SteeringWheel.swift */; };
		0F281265CD94BDE925BEF299 /* Layout.swift in Sources */ = {isa = PBXBuildFile; fileRef = 84A63FEED2F98804AD52E180 /* Layout.swift */; };
		3ED0008CB7BF7DCC5163A285 /* Widgets.swift in Sources */ = {isa = PBXBuildFile; fileRef = 879EBE79CC8F407E2436F748 /* Widgets.swift */; };
		C385D24574D1DC420CB70EB1 /* Haptics.swift in Sources */ = {isa = PBXBuildFile; fileRef = 9D7EF90A6E5C37E51774F390 /* Haptics.swift */; };
		01A14233474B76E0D5CF6B08 /* AttitudeBall.swift in Sources */ = {isa = PBXBuildFile; fileRef = 1048D6CFF80C301602231B5C /* AttitudeBall.swift */; };
		01A14233474B76E0D5CF6B09 /* FlightPanel.swift in Sources */ = {isa = PBXBuildFile; fileRef = 1048D6CFF80C301602231B5D /* FlightPanel.swift */; };
		A1B2C3D4E5F60718293A4B01 /* HudReadout.swift in Sources */ = {isa = PBXBuildFile; fileRef = A1B2C3D4E5F60718293A4B02 /* HudReadout.swift */; };
		A1B2C3D4E5F60718293A4B11 /* Snap.swift in Sources */ = {isa = PBXBuildFile; fileRef = A1B2C3D4E5F60718293A4B12 /* Snap.swift */; };
		36312F93A5F18BA37C2B1408 /* Discovery.swift in Sources */ = {isa = PBXBuildFile; fileRef = 3411FB375B171C1DF307C85C /* Discovery.swift */; };
		0F1E2D3C4B5A69788796A5B4C3D2E1F0 /* Theme.swift in Sources */ = {isa = PBXBuildFile; fileRef = F0E1D2C3B4A5968778695A4B3C2D1E0F /* Theme.swift */; };
/* End PBXBuildFile section */

/* Begin PBXFileReference section */
		504EC3041FED79650016851F /* App.app */ = {isa = PBXFileReference; explicitFileType = wrapper.application; includeInIndex = 0; path = App.app; sourceTree = BUILT_PRODUCTS_DIR; };
		504EC3071FED79650016851F /* AppDelegate.swift */ = {isa = PBXFileReference; lastKnownFileType = sourcecode.swift; path = AppDelegate.swift; sourceTree = "<group>"; };
		504EC30E1FED79650016851F /* Assets.xcassets */ = {isa = PBXFileReference; lastKnownFileType = folder.assetcatalog; path = Assets.xcassets; sourceTree = "<group>"; };
		504EC3111FED79650016851F /* Base */ = {isa = PBXFileReference; lastKnownFileType = file.storyboard; name = Base; path = Base.lproj/LaunchScreen.storyboard; sourceTree = "<group>"; };
		504EC3131FED79650016851F /* Info.plist */ = {isa = PBXFileReference; lastKnownFileType = text.plist.xml; path = Info.plist; sourceTree = "<group>"; };
		9A49254C69CD3A70A2E7D0F9 /* CockpitController.swift */ = {isa = PBXFileReference; lastKnownFileType = sourcecode.swift; name = CockpitController.swift; path = Native/Model/CockpitController.swift; sourceTree = "<group>"; };
		EC9419B2C60F31796D5FC1A8 /* ControllerState.swift */ = {isa = PBXFileReference; lastKnownFileType = sourcecode.swift; name = ControllerState.swift; path = Native/Model/ControllerState.swift; sourceTree = "<group>"; };
		F1D2E3A4B5C67890D1E2F3B5 /* PacketFormat.swift */ = {isa = PBXFileReference; lastKnownFileType = sourcecode.swift; name = PacketFormat.swift; path = Native/Model/PacketFormat.swift; sourceTree = "<group>"; };
		F1D2E3A4B5C67890D1E2F3B7 /* ShapingKeys.swift */ = {isa = PBXFileReference; lastKnownFileType = sourcecode.swift; name = ShapingKeys.swift; path = Native/Model/ShapingKeys.swift; sourceTree = "<group>"; };
		F1D2E3A4B5C67890D1E2F3B9 /* GameProfile.swift */ = {isa = PBXFileReference; lastKnownFileType = sourcecode.swift; name = GameProfile.swift; path = Native/Model/GameProfile.swift; sourceTree = "<group>"; };
		F1D2E3A4B5C67890D1E2F3B3 /* AxisMap.swift */ = {isa = PBXFileReference; lastKnownFileType = sourcecode.swift; name = AxisMap.swift; path = Native/Model/AxisMap.swift; sourceTree = "<group>"; };
		F1D2E3A4B5C67890D1E2F3B1 /* CockpitMode.swift */ = {isa = PBXFileReference; lastKnownFileType = sourcecode.swift; name = CockpitMode.swift; path = Native/Model/CockpitMode.swift; sourceTree = "<group>"; };
		F1D2E3A4B5C67890D1E2F3AF /* AxisCurve.swift */ = {isa = PBXFileReference; lastKnownFileType = sourcecode.swift; name = AxisCurve.swift; path = Native/Model/AxisCurve.swift; sourceTree = "<group>"; };
		BFB070AC1289461E3EB9EB14 /* NetClient.swift */ = {isa = PBXFileReference; lastKnownFileType = sourcecode.swift; name = NetClient.swift; path = Native/Model/NetClient.swift; sourceTree = "<group>"; };
		752F835687AB475EBE47FB17 /* Packet.swift */ = {isa = PBXFileReference; lastKnownFileType = sourcecode.swift; name = Packet.swift; path = Native/Model/Packet.swift; sourceTree = "<group>"; };
		D037F9DC1440439B3CEC687C /* PalmDeckApp.swift */ = {isa = PBXFileReference; lastKnownFileType = sourcecode.swift; name = PalmDeckApp.swift; path = Native/PalmDeckApp.swift; sourceTree = "<group>"; };
		2ADE12BFD530D6FFF3701839 /* CockpitView.swift */ = {isa = PBXFileReference; lastKnownFileType = sourcecode.swift; name = CockpitView.swift; path = Native/Views/CockpitView.swift; sourceTree = "<group>"; };
		C2B2E1BA4D6A8927AE448464 /* Controls.swift */ = {isa = PBXFileReference; lastKnownFileType = sourcecode.swift; name = Controls.swift; path = Native/Views/Controls.swift; sourceTree = "<group>"; };
		F1D2E3A4B5C67890D1E2F3AB /* SettingsView.swift */ = {isa = PBXFileReference; lastKnownFileType = sourcecode.swift; name = SettingsView.swift; path = Native/Views/SettingsView.swift; sourceTree = "<group>"; };
		77E5B86802679AC075FC6975 /* PreflightView.swift */ = {isa = PBXFileReference; lastKnownFileType = sourcecode.swift; name = PreflightView.swift; path = Native/Views/PreflightView.swift; sourceTree = "<group>"; };
		E7A7E91000A2997A8B4B0D33 /* SteeringWheel.swift */ = {isa = PBXFileReference; lastKnownFileType = sourcecode.swift; name = SteeringWheel.swift; path = Native/Views/SteeringWheel.swift; sourceTree = "<group>"; };
		84A63FEED2F98804AD52E180 /* Layout.swift */ = {isa = PBXFileReference; lastKnownFileType = sourcecode.swift; name = Layout.swift; path = Native/Views/Layout.swift; sourceTree = "<group>"; };
		879EBE79CC8F407E2436F748 /* Widgets.swift */ = {isa = PBXFileReference; lastKnownFileType = sourcecode.swift; name = Widgets.swift; path = Native/Views/Widgets.swift; sourceTree = "<group>"; };
		9D7EF90A6E5C37E51774F390 /* Haptics.swift */ = {isa = PBXFileReference; lastKnownFileType = sourcecode.swift; name = Haptics.swift; path = Native/Model/Haptics.swift; sourceTree = "<group>"; };
		1048D6CFF80C301602231B5C /* AttitudeBall.swift */ = {isa = PBXFileReference; lastKnownFileType = sourcecode.swift; name = AttitudeBall.swift; path = Native/Views/AttitudeBall.swift; sourceTree = "<group>"; };
		1048D6CFF80C301602231B5D /* FlightPanel.swift */ = {isa = PBXFileReference; lastKnownFileType = sourcecode.swift; name = FlightPanel.swift; path = Native/Views/FlightPanel.swift; sourceTree = "<group>"; };
		A1B2C3D4E5F60718293A4B02 /* HudReadout.swift */ = {isa = PBXFileReference; lastKnownFileType = sourcecode.swift; name = HudReadout.swift; path = Native/Model/HudReadout.swift; sourceTree = "<group>"; };
		A1B2C3D4E5F60718293A4B12 /* Snap.swift */ = {isa = PBXFileReference; lastKnownFileType = sourcecode.swift; name = Snap.swift; path = Native/Model/Snap.swift; sourceTree = "<group>"; };
		3411FB375B171C1DF307C85C /* Discovery.swift */ = {isa = PBXFileReference; lastKnownFileType = sourcecode.swift; name = Discovery.swift; path = Native/Model/Discovery.swift; sourceTree = "<group>"; };
		F0E1D2C3B4A5968778695A4B3C2D1E0F /* Theme.swift */ = {isa = PBXFileReference; lastKnownFileType = sourcecode.swift; name = Theme.swift; path = Native/Views/Theme.swift; sourceTree = "<group>"; };
/* End PBXFileReference section */

/* Begin PBXFrameworksBuildPhase section */
		504EC3011FED79650016851F /* Frameworks */ = {
			isa = PBXFrameworksBuildPhase;
			buildActionMask = 2147483647;
			files = (
			);
			runOnlyForDeploymentPostprocessing = 0;
		};
/* End PBXFrameworksBuildPhase section */

/* Begin PBXGroup section */
		504EC2FB1FED79650016851F = {
			isa = PBXGroup;
			children = (
				504EC3061FED79650016851F /* App */,
				504EC3051FED79650016851F /* Products */,
			);
			sourceTree = "<group>";
		};
		504EC3051FED79650016851F /* Products */ = {
			isa = PBXGroup;
			children = (
				504EC3041FED79650016851F /* App.app */,
			);
			name = Products;
			sourceTree = "<group>";
		};
		504EC3061FED79650016851F /* App */ = {
			isa = PBXGroup;
			children = (
				504EC3071FED79650016851F /* AppDelegate.swift */,
				3411FB375B171C1DF307C85C /* Discovery.swift */,
				1048D6CFF80C301602231B5C /* AttitudeBall.swift */,
				1048D6CFF80C301602231B5D /* FlightPanel.swift */,
				A1B2C3D4E5F60718293A4B02 /* HudReadout.swift */,
				A1B2C3D4E5F60718293A4B12 /* Snap.swift */,
				9D7EF90A6E5C37E51774F390 /* Haptics.swift */,
				879EBE79CC8F407E2436F748 /* Widgets.swift */,
				84A63FEED2F98804AD52E180 /* Layout.swift */,
				E7A7E91000A2997A8B4B0D33 /* SteeringWheel.swift */,
				9A49254C69CD3A70A2E7D0F9 /* CockpitController.swift */,
				EC9419B2C60F31796D5FC1A8 /* ControllerState.swift */,
				F1D2E3A4B5C67890D1E2F3B5 /* PacketFormat.swift */,
				F1D2E3A4B5C67890D1E2F3B7 /* ShapingKeys.swift */,
				F1D2E3A4B5C67890D1E2F3B9 /* GameProfile.swift */,
				F1D2E3A4B5C67890D1E2F3B3 /* AxisMap.swift */,
				F1D2E3A4B5C67890D1E2F3B1 /* CockpitMode.swift */,
				F1D2E3A4B5C67890D1E2F3AF /* AxisCurve.swift */,
				BFB070AC1289461E3EB9EB14 /* NetClient.swift */,
				752F835687AB475EBE47FB17 /* Packet.swift */,
				D037F9DC1440439B3CEC687C /* PalmDeckApp.swift */,
				2ADE12BFD530D6FFF3701839 /* CockpitView.swift */,
				C2B2E1BA4D6A8927AE448464 /* Controls.swift */,
				F1D2E3A4B5C67890D1E2F3AB /* SettingsView.swift */,
				77E5B86802679AC075FC6975 /* PreflightView.swift */,
				F0E1D2C3B4A5968778695A4B3C2D1E0F /* Theme.swift */,
				504EC30E1FED79650016851F /* Assets.xcassets */,
				504EC3101FED79650016851F /* LaunchScreen.storyboard */,
				504EC3131FED79650016851F /* Info.plist */,
			);
			path = App;
			sourceTree = "<group>";
		};
/* End PBXGroup section */

/* Begin PBXNativeTarget section */
		504EC3031FED79650016851F /* App */ = {
			isa = PBXNativeTarget;
			buildConfigurationList = 504EC3161FED79650016851F /* Build configuration list for PBXNativeTarget "App" */;
			buildPhases = (
				504EC3001FED79650016851F /* Sources */,
				504EC3011FED79650016851F /* Frameworks */,
				504EC3021FED79650016851F /* Resources */,
			);
			buildRules = (
			);
			dependencies = (
			);
			name = App;
			productName = App;
			productReference = 504EC3041FED79650016851F /* App.app */;
			productType = "com.apple.product-type.application";
		};
/* End PBXNativeTarget section */

/* Begin PBXProject section */
		504EC2FC1FED79650016851F /* Project object */ = {
			isa = PBXProject;
			attributes = {
				LastSwiftUpdateCheck = 0920;
				LastUpgradeCheck = 0920;
				TargetAttributes = {
					504EC3031FED79650016851F = {
						CreatedOnToolsVersion = 9.2;
						LastSwiftMigration = 1100;
						ProvisioningStyle = Automatic;
					};
				};
			};
			buildConfigurationList = 504EC2FF1FED79650016851F /* Build configuration list for PBXProject "App" */;
			compatibilityVersion = "Xcode 8.0";
			developmentRegion = en;
			hasScannedForEncodings = 0;
			knownRegions = (
				en,
				Base,
			);
			mainGroup = 504EC2FB1FED79650016851F;
			packageReferences = (
			);
			productRefGroup = 504EC3051FED79650016851F /* Products */;
			projectDirPath = "";
			projectRoot = "";
			targets = (
				504EC3031FED79650016851F /* App */,
			);
		};
/* End PBXProject section */

/* Begin PBXResourcesBuildPhase section */
		504EC3021FED79650016851F /* Resources */ = {
			isa = PBXResourcesBuildPhase;
			buildActionMask = 2147483647;
			files = (
				504EC3121FED79650016851F /* LaunchScreen.storyboard in Resources */,
				504EC30F1FED79650016851F /* Assets.xcassets in Resources */,
			);
			runOnlyForDeploymentPostprocessing = 0;
		};
/* End PBXResourcesBuildPhase section */


/* Begin PBXSourcesBuildPhase section */
		504EC3001FED79650016851F /* Sources */ = {
			isa = PBXSourcesBuildPhase;
			buildActionMask = 2147483647;
			files = (
				504EC3081FED79650016851F /* AppDelegate.swift in Sources */,
				36312F93A5F18BA37C2B1408 /* Discovery.swift in Sources */,
				01A14233474B76E0D5CF6B08 /* AttitudeBall.swift in Sources */,
				01A14233474B76E0D5CF6B09 /* FlightPanel.swift in Sources */,
				A1B2C3D4E5F60718293A4B01 /* HudReadout.swift in Sources */,
				A1B2C3D4E5F60718293A4B11 /* Snap.swift in Sources */,
				C385D24574D1DC420CB70EB1 /* Haptics.swift in Sources */,
				3ED0008CB7BF7DCC5163A285 /* Widgets.swift in Sources */,
				0F281265CD94BDE925BEF299 /* Layout.swift in Sources */,
				ABBB06836B4A7638FCB1CA2F /* SteeringWheel.swift in Sources */,
				0A0B21D5ABA1ED3191C9ECF1 /* CockpitController.swift in Sources */,
				F00BD81A580487FD8AB3ECB8 /* ControllerState.swift in Sources */,
				F1D2E3A4B5C67890D1E2F3B4 /* PacketFormat.swift in Sources */,
				F1D2E3A4B5C67890D1E2F3B6 /* ShapingKeys.swift in Sources */,
				F1D2E3A4B5C67890D1E2F3B8 /* GameProfile.swift in Sources */,
				F1D2E3A4B5C67890D1E2F3B2 /* AxisMap.swift in Sources */,
				F1D2E3A4B5C67890D1E2F3B0 /* CockpitMode.swift in Sources */,
				F1D2E3A4B5C67890D1E2F3AE /* AxisCurve.swift in Sources */,
				8C5FE72E22128E4D7F99919F /* NetClient.swift in Sources */,
				92AEFC899861917590E91DE1 /* Packet.swift in Sources */,
				D02F22B00AB4DBE45A58E98B /* PalmDeckApp.swift in Sources */,
				8C64A513AC615D5363FD07F8 /* CockpitView.swift in Sources */,
				0A2D9D2BFC4984B79BC5AFD7 /* Controls.swift in Sources */,
				F1D2E3A4B5C67890D1E2F3AA /* SettingsView.swift in Sources */,
				A0582E022106727531889FD6 /* PreflightView.swift in Sources */,
				0F1E2D3C4B5A69788796A5B4C3D2E1F0 /* Theme.swift in Sources */,
			);
			runOnlyForDeploymentPostprocessing = 0;
		};
/* End PBXSourcesBuildPhase section */

/* Begin PBXVariantGroup section */
		504EC3101FED79650016851F /* LaunchScreen.storyboard */ = {
			isa = PBXVariantGroup;
			children = (
				504EC3111FED79650016851F /* Base */,
			);
			name = LaunchScreen.storyboard;
			sourceTree = "<group>";
		};
/* End PBXVariantGroup section */

/* Begin XCBuildConfiguration section */
		504EC3141FED79650016851F /* Debug */ = {
			isa = XCBuildConfiguration;
			buildSettings = {
				ALWAYS_SEARCH_USER_PATHS = NO;
				CLANG_ANALYZER_NONNULL = YES;
				CLANG_ANALYZER_NUMBER_OBJECT_CONVERSION = YES_AGGRESSIVE;
				CLANG_CXX_LANGUAGE_STANDARD = "gnu++14";
				CLANG_CXX_LIBRARY = "libc++";
				CLANG_ENABLE_MODULES = YES;
				CLANG_ENABLE_OBJC_ARC = YES;
				CLANG_WARN_BLOCK_CAPTURE_AUTORELEASING = YES;
				CLANG_WARN_BOOL_CONVERSION = YES;
				CLANG_WARN_COMMA = YES;
				CLANG_WARN_CONSTANT_CONVERSION = YES;
				CLANG_WARN_DIRECT_OBJC_ISA_USAGE = YES_ERROR;
				CLANG_WARN_DOCUMENTATION_COMMENTS = YES;
				CLANG_WARN_EMPTY_BODY = YES;
				CLANG_WARN_ENUM_CONVERSION = YES;
				CLANG_WARN_INFINITE_RECURSION = YES;
				CLANG_WARN_INT_CONVERSION = YES;
				CLANG_WARN_NON_LITERAL_NULL_CONVERSION = YES;
				CLANG_WARN_OBJC_LITERAL_CONVERSION = YES;
				CLANG_WARN_OBJC_ROOT_CLASS = YES_ERROR;
				CLANG_WARN_RANGE_LOOP_ANALYSIS = YES;
				CLANG_WARN_STRICT_PROTOTYPES = YES;
				CLANG_WARN_SUSPICIOUS_MOVE = YES;
				CLANG_WARN_UNGUARDED_AVAILABILITY = YES_AGGRESSIVE;
				CLANG_WARN_UNREACHABLE_CODE = YES;
				CLANG_WARN__DUPLICATE_METHOD_MATCH = YES;
				CODE_SIGN_IDENTITY = "iPhone Developer";
				COPY_PHASE_STRIP = NO;
				DEBUG_INFORMATION_FORMAT = dwarf;
				ENABLE_STRICT_OBJC_MSGSEND = YES;
				ENABLE_TESTABILITY = YES;
				GCC_C_LANGUAGE_STANDARD = gnu11;
				GCC_DYNAMIC_NO_PIC = NO;
				GCC_NO_COMMON_BLOCKS = YES;
				GCC_OPTIMIZATION_LEVEL = 0;
				GCC_PREPROCESSOR_DEFINITIONS = (
					"DEBUG=1",
					"$(inherited)",
				);
				GCC_WARN_64_TO_32_BIT_CONVERSION = YES;
				GCC_WARN_ABOUT_RETURN_TYPE = YES_ERROR;
				GCC_WARN_UNDECLARED_SELECTOR = YES;
				GCC_WARN_UNINITIALIZED_AUTOS = YES_AGGRESSIVE;
				GCC_WARN_UNUSED_FUNCTION = YES;
				GCC_WARN_UNUSED_VARIABLE = YES;
				IPHONEOS_DEPLOYMENT_TARGET = 15.0;
				MTL_ENABLE_DEBUG_INFO = YES;
				ONLY_ACTIVE_ARCH = YES;
				SDKROOT = iphoneos;
				SUPPORTS_MACCATALYST = YES;
				DERIVE_MACCATALYST_PRODUCT_BUNDLE_IDENTIFIER = NO;
				SWIFT_ACTIVE_COMPILATION_CONDITIONS = DEBUG;
				SWIFT_OPTIMIZATION_LEVEL = "-Onone";
			};
			name = Debug;
		};
		504EC3151FED79650016851F /* Release */ = {
			isa = XCBuildConfiguration;
			buildSettings = {
				ALWAYS_SEARCH_USER_PATHS = NO;
				CLANG_ANALYZER_NONNULL = YES;
				CLANG_ANALYZER_NUMBER_OBJECT_CONVERSION = YES_AGGRESSIVE;
				CLANG_CXX_LANGUAGE_STANDARD = "gnu++14";
				CLANG_CXX_LIBRARY = "libc++";
				CLANG_ENABLE_MODULES = YES;
				CLANG_ENABLE_OBJC_ARC = YES;
				CLANG_WARN_BLOCK_CAPTURE_AUTORELEASING = YES;
				CLANG_WARN_BOOL_CONVERSION = YES;
				CLANG_WARN_COMMA = YES;
				CLANG_WARN_CONSTANT_CONVERSION = YES;
				CLANG_WARN_DIRECT_OBJC_ISA_USAGE = YES_ERROR;
				CLANG_WARN_DOCUMENTATION_COMMENTS = YES;
				CLANG_WARN_EMPTY_BODY = YES;
				CLANG_WARN_ENUM_CONVERSION = YES;
				CLANG_WARN_INFINITE_RECURSION = YES;
				CLANG_WARN_INT_CONVERSION = YES;
				CLANG_WARN_NON_LITERAL_NULL_CONVERSION = YES;
				CLANG_WARN_OBJC_LITERAL_CONVERSION = YES;
				CLANG_WARN_OBJC_ROOT_CLASS = YES_ERROR;
				CLANG_WARN_RANGE_LOOP_ANALYSIS = YES;
				CLANG_WARN_STRICT_PROTOTYPES = YES;
				CLANG_WARN_SUSPICIOUS_MOVE = YES;
				CLANG_WARN_UNGUARDED_AVAILABILITY = YES_AGGRESSIVE;
				CLANG_WARN_UNREACHABLE_CODE = YES;
				CLANG_WARN__DUPLICATE_METHOD_MATCH = YES;
				CODE_SIGN_IDENTITY = "iPhone Developer";
				COPY_PHASE_STRIP = NO;
				DEBUG_INFORMATION_FORMAT = "dwarf-with-dsym";
				ENABLE_NS_ASSERTIONS = NO;
				ENABLE_STRICT_OBJC_MSGSEND = YES;
				GCC_C_LANGUAGE_STANDARD = gnu11;
				GCC_NO_COMMON_BLOCKS = YES;
				GCC_WARN_64_TO_32_BIT_CONVERSION = YES;
				GCC_WARN_ABOUT_RETURN_TYPE = YES_ERROR;
				GCC_WARN_UNDECLARED_SELECTOR = YES;
				GCC_WARN_UNINITIALIZED_AUTOS = YES_AGGRESSIVE;
				GCC_WARN_UNUSED_FUNCTION = YES;
				GCC_WARN_UNUSED_VARIABLE = YES;
				IPHONEOS_DEPLOYMENT_TARGET = 15.0;
				MTL_ENABLE_DEBUG_INFO = NO;
				SDKROOT = iphoneos;
				SUPPORTS_MACCATALYST = YES;
				DERIVE_MACCATALYST_PRODUCT_BUNDLE_IDENTIFIER = NO;
				SWIFT_OPTIMIZATION_LEVEL = "-Owholemodule";
				VALIDATE_PRODUCT = YES;
			};
			name = Release;
		};
		504EC3171FED79650016851F /* Debug */ = {
			isa = XCBuildConfiguration;
			buildSettings = {
				ASSETCATALOG_COMPILER_APPICON_NAME = AppIcon;
				CODE_SIGN_IDENTITY = "Apple Development";
				CODE_SIGN_STYLE = Automatic;
				CURRENT_PROJECT_VERSION = 7;
				DEVELOPMENT_TEAM = N82J75VYYV;
				INFOPLIST_FILE = App/Info.plist;
				IPHONEOS_DEPLOYMENT_TARGET = 15.0;
				LD_RUNPATH_SEARCH_PATHS = "$(inherited) @executable_path/Frameworks";
				MARKETING_VERSION = 4.0;
				OTHER_SWIFT_FLAGS = "$(inherited) \"-D\" \"COCOAPODS\" \"-DDEBUG\"";
				PRODUCT_BUNDLE_IDENTIFIER = com.palmdeck.yoke;
				PRODUCT_NAME = "$(TARGET_NAME)";
				SWIFT_ACTIVE_COMPILATION_CONDITIONS = DEBUG;
				SWIFT_VERSION = 5.0;
				TARGETED_DEVICE_FAMILY = "1,2";
			};
			name = Debug;
		};
		504EC3181FED79650016851F /* Release */ = {
			isa = XCBuildConfiguration;
			buildSettings = {
				ASSETCATALOG_COMPILER_APPICON_NAME = AppIcon;
				CODE_SIGN_IDENTITY = "Apple Development";
				CODE_SIGN_STYLE = Automatic;
				CURRENT_PROJECT_VERSION = 7;
				DEVELOPMENT_TEAM = N82J75VYYV;
				INFOPLIST_FILE = App/Info.plist;
				IPHONEOS_DEPLOYMENT_TARGET = 15.0;
				LD_RUNPATH_SEARCH_PATHS = "$(inherited) @executable_path/Frameworks";
				MARKETING_VERSION = 4.0;
				PRODUCT_BUNDLE_IDENTIFIER = com.palmdeck.yoke;
				PRODUCT_NAME = "$(TARGET_NAME)";
				SWIFT_ACTIVE_COMPILATION_CONDITIONS = "";
				SWIFT_VERSION = 5.0;
				TARGETED_DEVICE_FAMILY = "1,2";
			};
			name = Release;
		};
/* End XCBuildConfiguration section */

/* Begin XCConfigurationList section */
		504EC2FF1FED79650016851F /* Build configuration list for PBXProject "App" */ = {
			isa = XCConfigurationList;
			buildConfigurations = (
				504EC3141FED79650016851F /* Debug */,
				504EC3151FED79650016851F /* Release */,
			);
			defaultConfigurationIsVisible = 0;
			defaultConfigurationName = Release;
		};
		504EC3161FED79650016851F /* Build configuration list for PBXNativeTarget "App" */ = {
			isa = XCConfigurationList;
			buildConfigurations = (
				504EC3171FED79650016851F /* Debug */,
				504EC3181FED79650016851F /* Release */,
			);
			defaultConfigurationIsVisible = 0;
			defaultConfigurationName = Release;
		};
/* End XCConfigurationList section */
	};
	rootObject = 504EC2FC1FED79650016851F /* Project object */;
}
